
Microsoft Visual Studio Solution File, Format Version 12.00
# Visual Studio Version 17
VisualStudioVersion = 17.4.33103.184
MinimumVisualStudioVersion = 10.0.40219.1
Project("{FAE04EC0-301F-11D3-BF4B-00C04F79EFBC}") = "Padarosa", "Padarosa\Padarosa.csproj", "{5F0531F5-B064-4DBD-B458-DCFF447A7AEE}"
EndProject
Global
	GlobalSection(SolutionConfigurationPlatforms) = preSolution
		Debug|Any CPU = Debug|Any CPU
		Release|Any CPU = Release|Any CPU
	EndGlobalSection
	GlobalSection(ProjectConfigurationPlatforms) = postSolution
		{5F0531F5-B064-4DBD-B458-DCFF447A7AEE}.Debug|Any CPU.ActiveCfg = Debug|Any CPU
		{5F0531F5-B064-4DBD-B458-DCFF447A7AEE}.Debug|Any CPU.Build.0 = Debug|Any CPU
		{5F0531F5-B064-4DBD-B458-DCFF447A7AEE}.Release|Any CPU.ActiveCfg = Release|Any CPU
		{5F0531F5-B064-4DBD-B458-DCFF447A7AEE}.Release|Any CPU.Build.0 = Release|Any CPU
	EndGlobalSection
	GlobalSection(SolutionProperties) = preSolution
		HideSolutionNode = FALSE
	EndGlobalSection
	GlobalSection(ExtensibilityGlobals) = postSolution
		SolutionGuid = {C82DFF54-E358-45E1-96D9-7EC5BFCF5E27}
	EndGlobalSection
EndGlobal
